
Microsoft Visual Studio Solution File, Format Version 12.00
# Visual Studio Version 16
VisualStudioVersion = 16.0.29806.167
MinimumVisualStudioVersion = 10.0.40219.1
Project("{8BC9CEB8-8B4A-11D0-8D11-00A0C91BC942}") = "Ch3Num23StockTransactionProgram", "Ch3Num23StockTransactionProgram\Ch3Num23StockTransactionProgram.vcxproj", "{5EE55BAF-C358-4A18-BB82-2D88F03AD584}"
EndProject
Global
	GlobalSection(SolutionConfigurationPlatforms) = preSolution
		Debug|x64 = Debug|x64
		Debug|x86 = Debug|x86
		Release|x64 = Release|x64
		Release|x86 = Release|x86
	EndGlobalSection
	GlobalSection(ProjectConfigurationPlatforms) = postSolution
		{5EE55BAF-C358-4A18-BB82-2D88F03AD584}.Debug|x64.ActiveCfg = Debug|x64
		{5EE55BAF-C358-4A18-BB82-2D88F03AD584}.Debug|x64.Build.0 = Debug|x64
		{5EE55BAF-C358-4A18-BB82-2D88F03AD584}.Debug|x86.ActiveCfg = Debug|Win32
		{5EE55BAF-C358-4A18-BB82-2D88F03AD584}.Debug|x86.Build.0 = Debug|Win32
		{5EE55BAF-C358-4A18-BB82-2D88F03AD584}.Release|x64.ActiveCfg = Release|x64
		{5EE55BAF-C358-4A18-BB82-2D88F03AD584}.Release|x64.Build.0 = Release|x64
		{5EE55BAF-C358-4A18-BB82-2D88F03AD584}.Release|x86.ActiveCfg = Release|Win32
		{5EE55BAF-C358-4A18-BB82-2D88F03AD584}.Release|x86.Build.0 = Release|Win32
	EndGlobalSection
	GlobalSection(SolutionProperties) = preSolution
		HideSolutionNode = FALSE
	EndGlobalSection
	GlobalSection(ExtensibilityGlobals) = postSolution
		SolutionGuid = {F0FAA691-0343-4C76-82C4-1412D9F22007}
	EndGlobalSection
EndGlobal
